{
  "requires": true,
  "lockfileVersion": 1,
  "dependencies": {
    "m3u8stream": {
      "version": "0.8.3",
      "resolved": "https://registry.npmjs.org/m3u8stream/-/m3u8stream-0.8.3.tgz",
      "integrity": "sha512-0nAcdrF8YJKUkb6PzWdvGftTPyCVWgoiot1AkNVbPKTeIGsWs6DrOjifrJ0Zi8WQfQmD2SuVCjkYIOip12igng==",
      "requires": {
        "miniget": "^4.0.0",
        "sax": "^1.2.4"
      }
    },
    "miniget": {
      "version": "4.2.0",
      "resolved": "https://registry.npmjs.org/miniget/-/miniget-4.2.0.tgz",
      "integrity": "sha512-IzTOaNgBw/qEpzkPTE7X2cUVXQfSKbG8w52Emi93zb+Zya2ZFrbmavpixzebuDJD9Ku4ecbaFlC7Y1cEESzQtQ=="
    },
    "sax": {
      "version": "1.2.4",
      "resolved": "https://registry.npmjs.org/sax/-/sax-1.2.4.tgz",
      "integrity": "sha512-NqVDv9TpANUjFm0N8uM5GxL36UgKi9/atZw+x7YFnQ8ckwFGKrl4xX4yWtrey3UJm5nP1kUbnYgLopqWNSRhWw=="
    },
    "ytdl-core": {
      "version": "4.5.0",
      "resolved": "https://registry.npmjs.org/ytdl-core/-/ytdl-core-4.5.0.tgz",
      "integrity": "sha512-e8r6skrakWNixsVlNPBMoRM1HrdW1swE97If9nenDUjF65uogYk4DvxIuqlmqRfBWKe+6aIZwqedNxUU9XLYJA==",
      "requires": {
        "m3u8stream": "^0.8.3",
        "miniget": "^4.0.0",
        "sax": "^1.1.3"
      }
    }
  }
}
